
Microsoft Visual Studio Solution File, Format Version 12.00
# Visual Studio Version 17
VisualStudioVersion = 17.0.32014.148
MinimumVisualStudioVersion = 10.0.40219.1
Project("{FAE04EC0-301F-11D3-BF4B-00C04F79EFBC}") = "WAWA ORDER", "WAWA ORDER.csproj", "{CFF159DD-2343-45F3-95F5-55D4EEAE5A9C}"
EndProject
Global
	GlobalSection(SolutionConfigurationPlatforms) = preSolution
		Debug|Any CPU = Debug|Any CPU
		Release|Any CPU = Release|Any CPU
	EndGlobalSection
	GlobalSection(ProjectConfigurationPlatforms) = postSolution
		{CFF159DD-2343-45F3-95F5-55D4EEAE5A9C}.Debug|Any CPU.ActiveCfg = Debug|Any CPU
		{CFF159DD-2343-45F3-95F5-55D4EEAE5A9C}.Debug|Any CPU.Build.0 = Debug|Any CPU
		{CFF159DD-2343-45F3-95F5-55D4EEAE5A9C}.Release|Any CPU.ActiveCfg = Release|Any CPU
		{CFF159DD-2343-45F3-95F5-55D4EEAE5A9C}.Release|Any CPU.Build.0 = Release|Any CPU
	EndGlobalSection
	GlobalSection(SolutionProperties) = preSolution
		HideSolutionNode = FALSE
	EndGlobalSection
	GlobalSection(ExtensibilityGlobals) = postSolution
		SolutionGuid = {B7C561A8-9C63-4266-A6CD-65B426414409}
	EndGlobalSection
EndGlobal
